// !$*UTF8*$!
{
	archiveVersion = 1;
	classes = {
	};
	objectVersion = 77;
	objects = {

/* Begin PBXBuildFile section */
		00A364C8BB6E156EB8C55081 /* ProviderLogo.swift in Sources */ = {isa = PBXBuildFile; fileRef = 8F54ED13C9EEDEC13082338A /* ProviderLogo.swift */; };
		105DA551E8644020D688E312 /* ConnectionsScreen.swift in Sources */ = {isa = PBXBuildFile; fileRef = 17D656E8BA83FB8FF00A2631 /* ConnectionsScreen.swift */; };
		10639EA0A47A2B8333A1706B /* ClientSession.swift in Sources */ = {isa = PBXBuildFile; fileRef = DE58002BDA52BB34AE57C6DC /* ClientSession.swift */; };
		14EF26B08F3C69ADE7906F09 /* SideDrawer.swift in Sources */ = {isa = PBXBuildFile; fileRef = 1AC2A76E420C2E91CB48F3CC /* SideDrawer.swift */; };
		1957A2C2550C500139D5420B /* LiquidVoiceSphere.swift in Sources */ = {isa = PBXBuildFile; fileRef = 2C86BA8D17B785C527B1F549 /* LiquidVoiceSphere.swift */; };
		198E92682DEFDB832902218A /* SwooshWidgets in Frameworks */ = {isa = PBXBuildFile; productRef = 5BC3F322969154F4A837D673 /* SwooshWidgets */; };
		1A3777AC33B62A2A78A398ED /* WalletSession.swift in Sources */ = {isa = PBXBuildFile; fileRef = E1510341AC6E12EEBAAE316F /* WalletSession.swift */; };
		1AD98FBF282A8C3681D62FCD /* ChannelCatalog.swift in Sources */ = {isa = PBXBuildFile; fileRef = 403AB8740FE9644AC93AC63F /* ChannelCatalog.swift */; };
		1D0A0B622C87AC23C99E4CF2 /* ChatScreen.swift in Sources */ = {isa = PBXBuildFile; fileRef = 780459384A180543717F7EBB /* ChatScreen.swift */; };
		21288E9E042EC98DEAABDB42 /* SwooshUI in Frameworks */ = {isa = PBXBuildFile; productRef = 067ACC90B8BB5FE569AFFC25 /* SwooshUI */; };
		22D5D781507FA204C58C15A3 /* CLAUDE.md in Resources */ = {isa = PBXBuildFile; fileRef = D9B6EBC4115B28A038220938 /* CLAUDE.md */; };
		23F4347D1099A97AB5D3E71E /* SwooshTranslation in Frameworks */ = {isa = PBXBuildFile; productRef = 4DBE9D6632C9D0599CB3127F /* SwooshTranslation */; };
		24A9B4F730F2EC5A2B5E7F21 /* Assets.xcassets in Resources */ = {isa = PBXBuildFile; fileRef = 33346325E9A34E4A89968776 /* Assets.xcassets */; };
		2E6F775EF72FEA51ED3EC6AF /* PairingDetailScreen.swift in Sources */ = {isa = PBXBuildFile; fileRef = 9032466ADEBDE14C943EBAEB /* PairingDetailScreen.swift */; };
		3D857AE65C886D729C7FC5A8 /* SwooshFoundation in Frameworks */ = {isa = PBXBuildFile; productRef = B301A88B05ECC967B269FA9C /* SwooshFoundation */; };
		3F643D8B3F106C244C2CE5CD /* SwooshiOSApp.swift in Sources */ = {isa = PBXBuildFile; fileRef = 02DB720ACD211F31668F8A0A /* SwooshiOSApp.swift */; };
		4782139CCC0412C32BABDCD2 /* GameLabScreen.swift in Sources */ = {isa = PBXBuildFile; fileRef = 4EE441F7154657AACE36DCD0 /* GameLabScreen.swift */; };
		4949F574DA32CD5B8C0CAE80 /* IconTile.swift in Sources */ = {isa = PBXBuildFile; fileRef = 3F7E64053038BE7A8B8B69C2 /* IconTile.swift */; };
		4E199906DE2655159475FDED /* SwooshWidgets in Frameworks */ = {isa = PBXBuildFile; productRef = 09308C14B898E4305F4304E9 /* SwooshWidgets */; };
		4E4EA92D9D68F3D9FFB451C0 /* ActiveClonePreference.swift in Sources */ = {isa = PBXBuildFile; fileRef = D349D7ED93FB78BA3A1258FC /* ActiveClonePreference.swift */; };
		57C129E0D6B9ED789AF4C191 /* AgentRoot.swift in Sources */ = {isa = PBXBuildFile; fileRef = C89FB1DD84D655A5B16062FD /* AgentRoot.swift */; };
		588B3159F35DB867399DCAAB /* SwooshSecrets in Frameworks */ = {isa = PBXBuildFile; productRef = 2894B277640819D641FD9E94 /* SwooshSecrets */; };
		5FD22E5D05495E88785BCA72 /* WalletScreen.swift in Sources */ = {isa = PBXBuildFile; fileRef = D6D27F0767B034C7D17FEF83 /* WalletScreen.swift */; };
		633C79D8B704DC0CDDF510F2 /* SwooshSTT in Frameworks */ = {isa = PBXBuildFile; productRef = 5344EDFE236A78B4605BDACE /* SwooshSTT */; };
		64A86B9FA33C788FF9E609CF /* LoadingRow.swift in Sources */ = {isa = PBXBuildFile; fileRef = 6F82347749598EDE00D671EA /* LoadingRow.swift */; };
		687D304497B38E4A798C3B81 /* SwooshVision in Frameworks */ = {isa = PBXBuildFile; productRef = E7F2A99350D322A8BFBC4238 /* SwooshVision */; };
		6948EA80A56C65B6D58405AD /* ClonedVoicesSection.swift in Sources */ = {isa = PBXBuildFile; fileRef = 8D3D0D14AD80C9732F16152B /* ClonedVoicesSection.swift */; };
		6AFA1A78264F56022F034DA1 /* WalletCreateAccountSheet.swift in Sources */ = {isa = PBXBuildFile; fileRef = 89C53DA1DAF383C83EB7FF08 /* WalletCreateAccountSheet.swift */; };
		6F397A9A6C2A0768496FC730 /* SwooshKit in Frameworks */ = {isa = PBXBuildFile; productRef = C81EAEFD269612149B9F94BF /* SwooshKit */; };
		6F96255E17FEE3B226089DC4 /* CodexBarCore in Frameworks */ = {isa = PBXBuildFile; productRef = 34BB35A7784C684D05EE06A2 /* CodexBarCore */; };
		765193CEF39C0517B31AB30E /* SwooshGenerativeUI in Frameworks */ = {isa = PBXBuildFile; productRef = F04EABFE88B766FD0AD21A37 /* SwooshGenerativeUI */; };
		79C02F6D43ED99D7E9CD4EF8 /* SwooshWidgetBundle.swift in Sources */ = {isa = PBXBuildFile; fileRef = 7B097B464DA3C0AE8A37082E /* SwooshWidgetBundle.swift */; };
		7D2D5CECE5F03AE081B3FDBC /* SwooshCapabilities in Frameworks */ = {isa = PBXBuildFile; productRef = C8DD494210CF9283BE5DB80A /* SwooshCapabilities */; };
		81118F6A362A6E1B9785D0B3 /* SwooshApp.swift in Sources */ = {isa = PBXBuildFile; fileRef = 84795FA9AF13B8D39F7B3184 /* SwooshApp.swift */; };
		812E14C35917FD0503AC43D5 /* VoiceHapticsCoordinator.swift in Sources */ = {isa = PBXBuildFile; fileRef = A4C6ACF942D2F88EEA2C6041 /* VoiceHapticsCoordinator.swift */; };
		81F9802FDDEC5D16ADEFBA3B /* LocalFallbackToggleRow.swift in Sources */ = {isa = PBXBuildFile; fileRef = FF6B36C2E17A5DE68BFEA3B4 /* LocalFallbackToggleRow.swift */; };
		828EE27AA1EAC29C4E994BED /* AudioLevelSource.swift in Sources */ = {isa = PBXBuildFile; fileRef = F74FB3852458ED5ADD01B5C4 /* AudioLevelSource.swift */; };
		84D2FAA829E69A0C50681CD9 /* CronScreen.swift in Sources */ = {isa = PBXBuildFile; fileRef = 58838535A8646A8F3287BDFB /* CronScreen.swift */; };
		852ADEC763785DAF2B2BB42B /* SwooshImageGen in Frameworks */ = {isa = PBXBuildFile; productRef = C1D8DEB68F839F7A2B4189B9 /* SwooshImageGen */; };
		87A218A0D7E5686F396C9EDE /* VoicePickerScreen.swift in Sources */ = {isa = PBXBuildFile; fileRef = CBC979FDDA8EC113A147A084 /* VoicePickerScreen.swift */; };
		8D6E1CD2344A3BEF608C18C8 /* PermissionAndPolicyScreens.swift in Sources */ = {isa = PBXBuildFile; fileRef = 22D902C99CD3D18210E97481 /* PermissionAndPolicyScreens.swift */; };
		8E6426771BF7AAD4AF34F696 /* SettingsScreen.swift in Sources */ = {isa = PBXBuildFile; fileRef = C49A59F596D847BE428C4C8C /* SettingsScreen.swift */; };
		8E7B6C18331A1D44A71C0025 /* MCPServersScreen.swift in Sources */ = {isa = PBXBuildFile; fileRef = FE0805B93272148AA8CC24B4 /* MCPServersScreen.swift */; };
		8F9C928AE4827949F555D24A /* IOSVoicePill.swift in Sources */ = {isa = PBXBuildFile; fileRef = FE4384D670ED4D39C31C51A6 /* IOSVoicePill.swift */; };
		930891E34DF50C8A767B6C6E /* SwooshModels in Frameworks */ = {isa = PBXBuildFile; productRef = 75B0CA904E7690F0705D9A0B /* SwooshModels */; };
		9CA0C70F3E6E19ADFE852634 /* SwooshVoiceProviders in Frameworks */ = {isa = PBXBuildFile; productRef = 64E6792A9ADCB5AEA31F3613 /* SwooshVoiceProviders */; };
		A05EB87348461D705D0D8B47 /* CodexBar in Frameworks */ = {isa = PBXBuildFile; productRef = 892ABB0CB38113FC33409678 /* CodexBar */; };
		A0E8296933BE65C8C6BE61BC /* SwooshSecrets in Frameworks */ = {isa = PBXBuildFile; productRef = AE88E333D2254FC8546193C1 /* SwooshSecrets */; };
		A23FBD47D46859CD0B32676B /* ChannelsScreen.swift in Sources */ = {isa = PBXBuildFile; fileRef = 72F1ABF3C0A11470D895C296 /* ChannelsScreen.swift */; };
		A8ABD4E366842B1816B38E3F /* SwooshMusic in Frameworks */ = {isa = PBXBuildFile; productRef = CDAE07E9569AB80547D4CA2E /* SwooshMusic */; };
		AB2301970775606BF4B4F841 /* LocalVoiceDownloadRow.swift in Sources */ = {isa = PBXBuildFile; fileRef = 76C6079D285806396765CCF5 /* LocalVoiceDownloadRow.swift */; };
		AD2A5C92FFFA296AFBDA36FA /* WorkspaceScreen.swift in Sources */ = {isa = PBXBuildFile; fileRef = E9C7AF14DF4880960A920C26 /* WorkspaceScreen.swift */; };
		AEAD82FC6FD8A0BC4B6DF103 /* SwooshLocalVoice in Frameworks */ = {isa = PBXBuildFile; productRef = D7FF5966E699003F7654C7F5 /* SwooshLocalVoice */; };
		B6606D768591ED1AEAD88C6E /* SwooshEmbeddings in Frameworks */ = {isa = PBXBuildFile; productRef = 9DAF129D8F01B12920642DCF /* SwooshEmbeddings */; };
		B7513D6D71337FD01C3563A8 /* SwooshDaemon in Frameworks */ = {isa = PBXBuildFile; productRef = 52CFA43AF815CAE6322576A6 /* SwooshDaemon */; };
		B91C7028CACE6060EFD148A4 /* CodexAuthSection.swift in Sources */ = {isa = PBXBuildFile; fileRef = F3E2243D9887FFE2A995FCB4 /* CodexAuthSection.swift */; };
		C3312726808315191FD14368 /* CapabilityPickerScreen.swift in Sources */ = {isa = PBXBuildFile; fileRef = A41A487D16E069E246C1FE33 /* CapabilityPickerScreen.swift */; };
		D0AC05AB13879430D16D0523 /* DoctorScreen.swift in Sources */ = {isa = PBXBuildFile; fileRef = 6E9D0FA82D4BDE249E11657D /* DoctorScreen.swift */; };
		D270DFA4E91A9EE7A1CEE991 /* LocalVoiceSettingsSection.swift in Sources */ = {isa = PBXBuildFile; fileRef = 1208AEE4DDB17E6ACBD41549 /* LocalVoiceSettingsSection.swift */; };
		D5DCB03232519DF157BF1B89 /* ErrorRow.swift in Sources */ = {isa = PBXBuildFile; fileRef = F93D3555C518013DB31668CC /* ErrorRow.swift */; };
		E052265C132915BC379E8892 /* WalletAccountDetail.swift in Sources */ = {isa = PBXBuildFile; fileRef = CB83FAB5CF6100402E906B91 /* WalletAccountDetail.swift */; };
		E233BBA6ACDE68ED0D7B2083 /* SwooshUI in Frameworks */ = {isa = PBXBuildFile; productRef = B1E45E49EB414D4CF83F70E0 /* SwooshUI */; };
		EA3091CBFE0A0A89806BFC8D /* SwooshClient in Frameworks */ = {isa = PBXBuildFile; productRef = 2ACE0E2888A1233F1C18854E /* SwooshClient */; };
		EB84A11C241383BEE255E3F7 /* RootView.swift in Sources */ = {isa = PBXBuildFile; fileRef = 334614E402A5C0CC7A5CBBDE /* RootView.swift */; };
		F25A7F82337C8AF5DF9DD1D5 /* SwooshWallet in Frameworks */ = {isa = PBXBuildFile; productRef = 657F22487AA41B2FBA8A9798 /* SwooshWallet */; };
		F92EBD20EE8FAF8997E958C8 /* SwooshLocalLLM in Frameworks */ = {isa = PBXBuildFile; productRef = E0D997B6FCD3DD517DE7F2BE /* SwooshLocalLLM */; };
		FB530CEB64B17F5E3C1816CC /* LocalModelDownloadRow.swift in Sources */ = {isa = PBXBuildFile; fileRef = E03F8D60340C4FB0E76DEC65 /* LocalModelDownloadRow.swift */; };
		FFCE3B73F65239780A3ABE3D /* CloneVoiceSheet.swift in Sources */ = {isa = PBXBuildFile; fileRef = DD9130DA046954B1598FC3EE /* CloneVoiceSheet.swift */; };
/* End PBXBuildFile section */

/* Begin PBXFileReference section */
		02DB720ACD211F31668F8A0A /* SwooshiOSApp.swift */ = {isa = PBXFileReference; lastKnownFileType = sourcecode.swift; path = SwooshiOSApp.swift; sourceTree = "<group>"; };
		0BF0AA7C8A538C6F2E2312DF /* SwooshiOS.app */ = {isa = PBXFileReference; includeInIndex = 0; lastKnownFileType = wrapper.application; path = SwooshiOS.app; sourceTree = BUILT_PRODUCTS_DIR; };
		1208AEE4DDB17E6ACBD41549 /* LocalVoiceSettingsSection.swift */ = {isa = PBXFileReference; lastKnownFileType = sourcecode.swift; path = LocalVoiceSettingsSection.swift; sourceTree = "<group>"; };
		17D656E8BA83FB8FF00A2631 /* ConnectionsScreen.swift */ = {isa = PBXFileReference; lastKnownFileType = sourcecode.swift; path = ConnectionsScreen.swift; sourceTree = "<group>"; };
		1AC2A76E420C2E91CB48F3CC /* SideDrawer.swift */ = {isa = PBXFileReference; lastKnownFileType = sourcecode.swift; path = SideDrawer.swift; sourceTree = "<group>"; };
		22D902C99CD3D18210E97481 /* PermissionAndPolicyScreens.swift */ = {isa = PBXFileReference; lastKnownFileType = sourcecode.swift; path = PermissionAndPolicyScreens.swift; sourceTree = "<group>"; };
		2BD9F5B5A8FC377E7DD9A238 /* Swoosh.entitlements */ = {isa = PBXFileReference; lastKnownFileType = text.plist.entitlements; path = Swoosh.entitlements; sourceTree = "<group>"; };
		2C86BA8D17B785C527B1F549 /* LiquidVoiceSphere.swift */ = {isa = PBXFileReference; lastKnownFileType = sourcecode.swift; path = LiquidVoiceSphere.swift; sourceTree = "<group>"; };
		33346325E9A34E4A89968776 /* Assets.xcassets */ = {isa = PBXFileReference; lastKnownFileType = folder.assetcatalog; path = Assets.xcassets; sourceTree = "<group>"; };
		334614E402A5C0CC7A5CBBDE /* RootView.swift */ = {isa = PBXFileReference; lastKnownFileType = sourcecode.swift; path = RootView.swift; sourceTree = "<group>"; };
		343C5191FC71C48190B03979 /* Swoosh.app */ = {isa = PBXFileReference; explicitFileType = wrapper.application; includeInIndex = 0; path = Swoosh.app; sourceTree = BUILT_PRODUCTS_DIR; };
		3F7E64053038BE7A8B8B69C2 /* IconTile.swift */ = {isa = PBXFileReference; lastKnownFileType = sourcecode.swift; path = IconTile.swift; sourceTree = "<group>"; };
		403AB8740FE9644AC93AC63F /* ChannelCatalog.swift */ = {isa = PBXFileReference; lastKnownFileType = sourcecode.swift; path = ChannelCatalog.swift; sourceTree = "<group>"; };
		4248F678DCB78516E8143314 /* SwooshWidgetExtension.appex */ = {isa = PBXFileReference; explicitFileType = "wrapper.app-extension"; includeInIndex = 0; path = SwooshWidgetExtension.appex; sourceTree = BUILT_PRODUCTS_DIR; };
		4EE441F7154657AACE36DCD0 /* GameLabScreen.swift */ = {isa = PBXFileReference; lastKnownFileType = sourcecode.swift; path = GameLabScreen.swift; sourceTree = "<group>"; };
		55FF97564A6C8A9FEF187FA8 /* Info.plist */ = {isa = PBXFileReference; lastKnownFileType = text.plist; path = Info.plist; sourceTree = "<group>"; };
		58838535A8646A8F3287BDFB /* CronScreen.swift */ = {isa = PBXFileReference; lastKnownFileType = sourcecode.swift; path = CronScreen.swift; sourceTree = "<group>"; };
		5C47C75353D8DB6E31AC986F /* Swoosh.iOS.entitlements */ = {isa = PBXFileReference; lastKnownFileType = text.plist.entitlements; path = Swoosh.iOS.entitlements; sourceTree = "<group>"; };
		6D0EB8AA916802AA1DF0E84B /* SwooshWidgetExtension.entitlements */ = {isa = PBXFileReference; lastKnownFileType = text.plist.entitlements; path = SwooshWidgetExtension.entitlements; sourceTree = "<group>"; };
		6E9D0FA82D4BDE249E11657D /* DoctorScreen.swift */ = {isa = PBXFileReference; lastKnownFileType = sourcecode.swift; path = DoctorScreen.swift; sourceTree = "<group>"; };
		6F82347749598EDE00D671EA /* LoadingRow.swift */ = {isa = PBXFileReference; lastKnownFileType = sourcecode.swift; path = LoadingRow.swift; sourceTree = "<group>"; };
		72F1ABF3C0A11470D895C296 /* ChannelsScreen.swift */ = {isa = PBXFileReference; lastKnownFileType = sourcecode.swift; path = ChannelsScreen.swift; sourceTree = "<group>"; };
		76C6079D285806396765CCF5 /* LocalVoiceDownloadRow.swift */ = {isa = PBXFileReference; lastKnownFileType = sourcecode.swift; path = LocalVoiceDownloadRow.swift; sourceTree = "<group>"; };
		780459384A180543717F7EBB /* ChatScreen.swift */ = {isa = PBXFileReference; lastKnownFileType = sourcecode.swift; path = ChatScreen.swift; sourceTree = "<group>"; };
		7B097B464DA3C0AE8A37082E /* SwooshWidgetBundle.swift */ = {isa = PBXFileReference; lastKnownFileType = sourcecode.swift; path = SwooshWidgetBundle.swift; sourceTree = "<group>"; };
		84795FA9AF13B8D39F7B3184 /* SwooshApp.swift */ = {isa = PBXFileReference; lastKnownFileType = sourcecode.swift; path = SwooshApp.swift; sourceTree = "<group>"; };
		89C53DA1DAF383C83EB7FF08 /* WalletCreateAccountSheet.swift */ = {isa = PBXFileReference; lastKnownFileType = sourcecode.swift; path = WalletCreateAccountSheet.swift; sourceTree = "<group>"; };
		8D3D0D14AD80C9732F16152B /* ClonedVoicesSection.swift */ = {isa = PBXFileReference; lastKnownFileType = sourcecode.swift; path = ClonedVoicesSection.swift; sourceTree = "<group>"; };
		8E059E566BB1D3F49B35A989 /* swoosh */ = {isa = PBXFileReference; lastKnownFileType = folder; name = swoosh; path = .; sourceTree = SOURCE_ROOT; };
		8F54ED13C9EEDEC13082338A /* ProviderLogo.swift */ = {isa = PBXFileReference; lastKnownFileType = sourcecode.swift; path = ProviderLogo.swift; sourceTree = "<group>"; };
		9032466ADEBDE14C943EBAEB /* PairingDetailScreen.swift */ = {isa = PBXFileReference; lastKnownFileType = sourcecode.swift; path = PairingDetailScreen.swift; sourceTree = "<group>"; };
		A41A487D16E069E246C1FE33 /* CapabilityPickerScreen.swift */ = {isa = PBXFileReference; lastKnownFileType = sourcecode.swift; path = CapabilityPickerScreen.swift; sourceTree = "<group>"; };
		A4C6ACF942D2F88EEA2C6041 /* VoiceHapticsCoordinator.swift */ = {isa = PBXFileReference; lastKnownFileType = sourcecode.swift; path = VoiceHapticsCoordinator.swift; sourceTree = "<group>"; };
		C49A59F596D847BE428C4C8C /* SettingsScreen.swift */ = {isa = PBXFileReference; lastKnownFileType = sourcecode.swift; path = SettingsScreen.swift; sourceTree = "<group>"; };
		C89FB1DD84D655A5B16062FD /* AgentRoot.swift */ = {isa = PBXFileReference; lastKnownFileType = sourcecode.swift; path = AgentRoot.swift; sourceTree = "<group>"; };
		CB83FAB5CF6100402E906B91 /* WalletAccountDetail.swift */ = {isa = PBXFileReference; lastKnownFileType = sourcecode.swift; path = WalletAccountDetail.swift; sourceTree = "<group>"; };
		CBC979FDDA8EC113A147A084 /* VoicePickerScreen.swift */ = {isa = PBXFileReference; lastKnownFileType = sourcecode.swift; path = VoicePickerScreen.swift; sourceTree = "<group>"; };
		D349D7ED93FB78BA3A1258FC /* ActiveClonePreference.swift */ = {isa = PBXFileReference; lastKnownFileType = sourcecode.swift; path = ActiveClonePreference.swift; sourceTree = "<group>"; };
		D6D27F0767B034C7D17FEF83 /* WalletScreen.swift */ = {isa = PBXFileReference; lastKnownFileType = sourcecode.swift; path = WalletScreen.swift; sourceTree = "<group>"; };
		D9B6EBC4115B28A038220938 /* CLAUDE.md */ = {isa = PBXFileReference; lastKnownFileType = net.daringfireball.markdown; path = CLAUDE.md; sourceTree = "<group>"; };
		DD9130DA046954B1598FC3EE /* CloneVoiceSheet.swift */ = {isa = PBXFileReference; lastKnownFileType = sourcecode.swift; path = CloneVoiceSheet.swift; sourceTree = "<group>"; };
		DE58002BDA52BB34AE57C6DC /* ClientSession.swift */ = {isa = PBXFileReference; lastKnownFileType = sourcecode.swift; path = ClientSession.swift; sourceTree = "<group>"; };
		E03F8D60340C4FB0E76DEC65 /* LocalModelDownloadRow.swift */ = {isa = PBXFileReference; lastKnownFileType = sourcecode.swift; path = LocalModelDownloadRow.swift; sourceTree = "<group>"; };
		E1510341AC6E12EEBAAE316F /* WalletSession.swift */ = {isa = PBXFileReference; lastKnownFileType = sourcecode.swift; path = WalletSession.swift; sourceTree = "<group>"; };
		E1C7AA2E2F507D88558C8D12 /* Info.plist */ = {isa = PBXFileReference; lastKnownFileType = text.plist; path = Info.plist; sourceTree = "<group>"; };
		E9C7AF14DF4880960A920C26 /* WorkspaceScreen.swift */ = {isa = PBXFileReference; lastKnownFileType = sourcecode.swift; path = WorkspaceScreen.swift; sourceTree = "<group>"; };
		F3E2243D9887FFE2A995FCB4 /* CodexAuthSection.swift */ = {isa = PBXFileReference; lastKnownFileType = sourcecode.swift; path = CodexAuthSection.swift; sourceTree = "<group>"; };
		F74FB3852458ED5ADD01B5C4 /* AudioLevelSource.swift */ = {isa = PBXFileReference; lastKnownFileType = sourcecode.swift; path = AudioLevelSource.swift; sourceTree = "<group>"; };
		F93D3555C518013DB31668CC /* ErrorRow.swift */ = {isa = PBXFileReference; lastKnownFileType = sourcecode.swift; path = ErrorRow.swift; sourceTree = "<group>"; };
		FE0805B93272148AA8CC24B4 /* MCPServersScreen.swift */ = {isa = PBXFileReference; lastKnownFileType = sourcecode.swift; path = MCPServersScreen.swift; sourceTree = "<group>"; };
		FE4384D670ED4D39C31C51A6 /* IOSVoicePill.swift */ = {isa = PBXFileReference; lastKnownFileType = sourcecode.swift; path = IOSVoicePill.swift; sourceTree = "<group>"; };
		FF6B36C2E17A5DE68BFEA3B4 /* LocalFallbackToggleRow.swift */ = {isa = PBXFileReference; lastKnownFileType = sourcecode.swift; path = LocalFallbackToggleRow.swift; sourceTree = "<group>"; };
/* End PBXFileReference section */

/* Begin PBXFrameworksBuildPhase section */
		6C7372F16C09C125B34951E8 /* Frameworks */ = {
			isa = PBXFrameworksBuildPhase;
			buildActionMask = 2147483647;
			files = (
				EA3091CBFE0A0A89806BFC8D /* SwooshClient in Frameworks */,
				F25A7F82337C8AF5DF9DD1D5 /* SwooshWallet in Frameworks */,
				21288E9E042EC98DEAABDB42 /* SwooshUI in Frameworks */,
				765193CEF39C0517B31AB30E /* SwooshGenerativeUI in Frameworks */,
				F92EBD20EE8FAF8997E958C8 /* SwooshLocalLLM in Frameworks */,
				3D857AE65C886D729C7FC5A8 /* SwooshFoundation in Frameworks */,
				930891E34DF50C8A767B6C6E /* SwooshModels in Frameworks */,
				633C79D8B704DC0CDDF510F2 /* SwooshSTT in Frameworks */,
				9CA0C70F3E6E19ADFE852634 /* SwooshVoiceProviders in Frameworks */,
				AEAD82FC6FD8A0BC4B6DF103 /* SwooshLocalVoice in Frameworks */,
				A8ABD4E366842B1816B38E3F /* SwooshMusic in Frameworks */,
				687D304497B38E4A798C3B81 /* SwooshVision in Frameworks */,
				23F4347D1099A97AB5D3E71E /* SwooshTranslation in Frameworks */,
				B6606D768591ED1AEAD88C6E /* SwooshEmbeddings in Frameworks */,
				852ADEC763785DAF2B2BB42B /* SwooshImageGen in Frameworks */,
				7D2D5CECE5F03AE081B3FDBC /* SwooshCapabilities in Frameworks */,
			);
			runOnlyForDeploymentPostprocessing = 0;
		};
		C2B666F6BE886C72E6EE5976 /* Frameworks */ = {
			isa = PBXFrameworksBuildPhase;
			buildActionMask = 2147483647;
			files = (
				E233BBA6ACDE68ED0D7B2083 /* SwooshUI in Frameworks */,
				6F397A9A6C2A0768496FC730 /* SwooshKit in Frameworks */,
				588B3159F35DB867399DCAAB /* SwooshSecrets in Frameworks */,
				4E199906DE2655159475FDED /* SwooshWidgets in Frameworks */,
				B7513D6D71337FD01C3563A8 /* SwooshDaemon in Frameworks */,
				A05EB87348461D705D0D8B47 /* CodexBar in Frameworks */,
				6F96255E17FEE3B226089DC4 /* CodexBarCore in Frameworks */,
			);
			runOnlyForDeploymentPostprocessing = 0;
		};
		D0A2EF10978AC4156D3EF0CB /* Frameworks */ = {
			isa = PBXFrameworksBuildPhase;
			buildActionMask = 2147483647;
			files = (
				198E92682DEFDB832902218A /* SwooshWidgets in Frameworks */,
				A0E8296933BE65C8C6BE61BC /* SwooshSecrets in Frameworks */,
			);
			runOnlyForDeploymentPostprocessing = 0;
		};
/* End PBXFrameworksBuildPhase section */

/* Begin PBXGroup section */
		259B725A88850C120F5D47E0 /* App */ = {
			isa = PBXGroup;
			children = (
				55FF97564A6C8A9FEF187FA8 /* Info.plist */,
				2BD9F5B5A8FC377E7DD9A238 /* Swoosh.entitlements */,
				84795FA9AF13B8D39F7B3184 /* SwooshApp.swift */,
			);
			path = App;
			sourceTree = "<group>";
		};
		387AA0C01093A3E091398435 /* Products */ = {
			isa = PBXGroup;
			children = (
				343C5191FC71C48190B03979 /* Swoosh.app */,
				0BF0AA7C8A538C6F2E2312DF /* SwooshiOS.app */,
				4248F678DCB78516E8143314 /* SwooshWidgetExtension.appex */,
			);
			name = Products;
			sourceTree = "<group>";
		};
		3A28E3D5716DDC769F9323AF /* SwooshiOS */ = {
			isa = PBXGroup;
			children = (
				D349D7ED93FB78BA3A1258FC /* ActiveClonePreference.swift */,
				C89FB1DD84D655A5B16062FD /* AgentRoot.swift */,
				33346325E9A34E4A89968776 /* Assets.xcassets */,
				F74FB3852458ED5ADD01B5C4 /* AudioLevelSource.swift */,
				A41A487D16E069E246C1FE33 /* CapabilityPickerScreen.swift */,
				403AB8740FE9644AC93AC63F /* ChannelCatalog.swift */,
				72F1ABF3C0A11470D895C296 /* ChannelsScreen.swift */,
				780459384A180543717F7EBB /* ChatScreen.swift */,
				D9B6EBC4115B28A038220938 /* CLAUDE.md */,
				DE58002BDA52BB34AE57C6DC /* ClientSession.swift */,
				8D3D0D14AD80C9732F16152B /* ClonedVoicesSection.swift */,
				DD9130DA046954B1598FC3EE /* CloneVoiceSheet.swift */,
				F3E2243D9887FFE2A995FCB4 /* CodexAuthSection.swift */,
				17D656E8BA83FB8FF00A2631 /* ConnectionsScreen.swift */,
				58838535A8646A8F3287BDFB /* CronScreen.swift */,
				6E9D0FA82D4BDE249E11657D /* DoctorScreen.swift */,
				F93D3555C518013DB31668CC /* ErrorRow.swift */,
				4EE441F7154657AACE36DCD0 /* GameLabScreen.swift */,
				3F7E64053038BE7A8B8B69C2 /* IconTile.swift */,
				E1C7AA2E2F507D88558C8D12 /* Info.plist */,
				FE4384D670ED4D39C31C51A6 /* IOSVoicePill.swift */,
				2C86BA8D17B785C527B1F549 /* LiquidVoiceSphere.swift */,
				6F82347749598EDE00D671EA /* LoadingRow.swift */,
				FF6B36C2E17A5DE68BFEA3B4 /* LocalFallbackToggleRow.swift */,
				E03F8D60340C4FB0E76DEC65 /* LocalModelDownloadRow.swift */,
				76C6079D285806396765CCF5 /* LocalVoiceDownloadRow.swift */,
				1208AEE4DDB17E6ACBD41549 /* LocalVoiceSettingsSection.swift */,
				FE0805B93272148AA8CC24B4 /* MCPServersScreen.swift */,
				9032466ADEBDE14C943EBAEB /* PairingDetailScreen.swift */,
				22D902C99CD3D18210E97481 /* PermissionAndPolicyScreens.swift */,
				8F54ED13C9EEDEC13082338A /* ProviderLogo.swift */,
				334614E402A5C0CC7A5CBBDE /* RootView.swift */,
				C49A59F596D847BE428C4C8C /* SettingsScreen.swift */,
				1AC2A76E420C2E91CB48F3CC /* SideDrawer.swift */,
				5C47C75353D8DB6E31AC986F /* Swoosh.iOS.entitlements */,
				02DB720ACD211F31668F8A0A /* SwooshiOSApp.swift */,
				A4C6ACF942D2F88EEA2C6041 /* VoiceHapticsCoordinator.swift */,
				CBC979FDDA8EC113A147A084 /* VoicePickerScreen.swift */,
				CB83FAB5CF6100402E906B91 /* WalletAccountDetail.swift */,
				89C53DA1DAF383C83EB7FF08 /* WalletCreateAccountSheet.swift */,
				D6D27F0767B034C7D17FEF83 /* WalletScreen.swift */,
				E1510341AC6E12EEBAAE316F /* WalletSession.swift */,
				E9C7AF14DF4880960A920C26 /* WorkspaceScreen.swift */,
			);
			path = SwooshiOS;
			sourceTree = "<group>";
		};
		3CEDC0AAFCD9F3D1EFE7474B /* Packages */ = {
			isa = PBXGroup;
			children = (
				8E059E566BB1D3F49B35A989 /* swoosh */,
			);
			name = Packages;
			sourceTree = "<group>";
		};
		4CA80AB5FE08310653E98C5B /* Apps */ = {
			isa = PBXGroup;
			children = (
				3A28E3D5716DDC769F9323AF /* SwooshiOS */,
			);
			path = Apps;
			sourceTree = "<group>";
		};
		6E1FB89CDC6DC36B6775F4F7 /* WidgetExtension */ = {
			isa = PBXGroup;
			children = (
				7B097B464DA3C0AE8A37082E /* SwooshWidgetBundle.swift */,
				6D0EB8AA916802AA1DF0E84B /* SwooshWidgetExtension.entitlements */,
			);
			path = WidgetExtension;
			sourceTree = "<group>";
		};
		FA51635871AE63F1C3C16EE9 = {
			isa = PBXGroup;
			children = (
				259B725A88850C120F5D47E0 /* App */,
				4CA80AB5FE08310653E98C5B /* Apps */,
				3CEDC0AAFCD9F3D1EFE7474B /* Packages */,
				6E1FB89CDC6DC36B6775F4F7 /* WidgetExtension */,
				387AA0C01093A3E091398435 /* Products */,
			);
			sourceTree = "<group>";
		};
/* End PBXGroup section */

/* Begin PBXNativeTarget section */
		1B76FAABD975C05BFC322AA4 /* SwooshWidgetExtension */ = {
			isa = PBXNativeTarget;
			buildConfigurationList = EEC578BB54820FE1F57A18FF /* Build configuration list for PBXNativeTarget "SwooshWidgetExtension" */;
			buildPhases = (
				3721CFE9186547B8F32E282F /* Sources */,
				D0A2EF10978AC4156D3EF0CB /* Frameworks */,
			);
			buildRules = (
			);
			dependencies = (
			);
			name = SwooshWidgetExtension;
			packageProductDependencies = (
				5BC3F322969154F4A837D673 /* SwooshWidgets */,
				AE88E333D2254FC8546193C1 /* SwooshSecrets */,
			);
			productName = SwooshWidgetExtension;
			productReference = 4248F678DCB78516E8143314 /* SwooshWidgetExtension.appex */;
			productType = "com.apple.product-type.app-extension";
		};
		81E371466FD526039B58885E /* SwooshiOS */ = {
			isa = PBXNativeTarget;
			buildConfigurationList = 90EF32ED6D99B8B4177EB046 /* Build configuration list for PBXNativeTarget "SwooshiOS" */;
			buildPhases = (
				7E3D01D2AE967AA5FB3858FD /* Sources */,
				BF82BBD43CA73D9D70994A01 /* Resources */,
				6C7372F16C09C125B34951E8 /* Frameworks */,
			);
			buildRules = (
			);
			dependencies = (
			);
			name = SwooshiOS;
			packageProductDependencies = (
				2ACE0E2888A1233F1C18854E /* SwooshClient */,
				657F22487AA41B2FBA8A9798 /* SwooshWallet */,
				067ACC90B8BB5FE569AFFC25 /* SwooshUI */,
				F04EABFE88B766FD0AD21A37 /* SwooshGenerativeUI */,
				E0D997B6FCD3DD517DE7F2BE /* SwooshLocalLLM */,
				B301A88B05ECC967B269FA9C /* SwooshFoundation */,
				75B0CA904E7690F0705D9A0B /* SwooshModels */,
				5344EDFE236A78B4605BDACE /* SwooshSTT */,
				64E6792A9ADCB5AEA31F3613 /* SwooshVoiceProviders */,
				D7FF5966E699003F7654C7F5 /* SwooshLocalVoice */,
				CDAE07E9569AB80547D4CA2E /* SwooshMusic */,
				E7F2A99350D322A8BFBC4238 /* SwooshVision */,
				4DBE9D6632C9D0599CB3127F /* SwooshTranslation */,
				9DAF129D8F01B12920642DCF /* SwooshEmbeddings */,
				C1D8DEB68F839F7A2B4189B9 /* SwooshImageGen */,
				C8DD494210CF9283BE5DB80A /* SwooshCapabilities */,
			);
			productName = SwooshiOS;
			productReference = 0BF0AA7C8A538C6F2E2312DF /* SwooshiOS.app */;
			productType = "com.apple.product-type.application";
		};
		AB245C790549F68851E545BF /* Swoosh */ = {
			isa = PBXNativeTarget;
			buildConfigurationList = 8E3CAB43F0C731D4DDC5F084 /* Build configuration list for PBXNativeTarget "Swoosh" */;
			buildPhases = (
				FD61F42DE11D9C0A0E9AD96A /* Sources */,
				C2B666F6BE886C72E6EE5976 /* Frameworks */,
			);
			buildRules = (
			);
			dependencies = (
			);
			name = Swoosh;
			packageProductDependencies = (
				B1E45E49EB414D4CF83F70E0 /* SwooshUI */,
				C81EAEFD269612149B9F94BF /* SwooshKit */,
				2894B277640819D641FD9E94 /* SwooshSecrets */,
				09308C14B898E4305F4304E9 /* SwooshWidgets */,
				52CFA43AF815CAE6322576A6 /* SwooshDaemon */,
				892ABB0CB38113FC33409678 /* CodexBar */,
				34BB35A7784C684D05EE06A2 /* CodexBarCore */,
			);
			productName = Swoosh;
			productReference = 343C5191FC71C48190B03979 /* Swoosh.app */;
			productType = "com.apple.product-type.application";
		};
/* End PBXNativeTarget section */

/* Begin PBXProject section */
		9EE6AE9D62B611C001EEED87 /* Project object */ = {
			isa = PBXProject;
			attributes = {
				BuildIndependentTargetsInParallel = YES;
				LastUpgradeCheck = 2600;
				TargetAttributes = {
					1B76FAABD975C05BFC322AA4 = {
						DevelopmentTeam = GY5597YK9P;
						ProvisioningStyle = Automatic;
					};
					81E371466FD526039B58885E = {
						DevelopmentTeam = GY5597YK9P;
						ProvisioningStyle = Automatic;
					};
					AB245C790549F68851E545BF = {
						DevelopmentTeam = GY5597YK9P;
						ProvisioningStyle = Automatic;
					};
				};
			};
			buildConfigurationList = 951DB30C469DAD2C0B97F0D0 /* Build configuration list for PBXProject "Swoosh" */;
			developmentRegion = en;
			hasScannedForEncodings = 0;
			knownRegions = (
				Base,
				en,
			);
			mainGroup = FA51635871AE63F1C3C16EE9;
			minimizedProjectReferenceProxies = 1;
			packageReferences = (
				5F45DC704C1A7D77A7E933C1 /* XCLocalSwiftPackageReference "." */,
			);
			preferredProjectObjectVersion = 77;
			productRefGroup = 387AA0C01093A3E091398435 /* Products */;
			projectDirPath = "";
			projectRoot = "";
			targets = (
				AB245C790549F68851E545BF /* Swoosh */,
				1B76FAABD975C05BFC322AA4 /* SwooshWidgetExtension */,
				81E371466FD526039B58885E /* SwooshiOS */,
			);
		};
/* End PBXProject section */

/* Begin PBXResourcesBuildPhase section */
		BF82BBD43CA73D9D70994A01 /* Resources */ = {
			isa = PBXResourcesBuildPhase;
			buildActionMask = 2147483647;
			files = (
				24A9B4F730F2EC5A2B5E7F21 /* Assets.xcassets in Resources */,
				22D5D781507FA204C58C15A3 /* CLAUDE.md in Resources */,
			);
			runOnlyForDeploymentPostprocessing = 0;
		};
/* End PBXResourcesBuildPhase section */

/* Begin PBXSourcesBuildPhase section */
		3721CFE9186547B8F32E282F /* Sources */ = {
			isa = PBXSourcesBuildPhase;
			buildActionMask = 2147483647;
			files = (
				79C02F6D43ED99D7E9CD4EF8 /* SwooshWidgetBundle.swift in Sources */,
			);
			runOnlyForDeploymentPostprocessing = 0;
		};
		7E3D01D2AE967AA5FB3858FD /* Sources */ = {
			isa = PBXSourcesBuildPhase;
			buildActionMask = 2147483647;
			files = (
				4E4EA92D9D68F3D9FFB451C0 /* ActiveClonePreference.swift in Sources */,
				57C129E0D6B9ED789AF4C191 /* AgentRoot.swift in Sources */,
				828EE27AA1EAC29C4E994BED /* AudioLevelSource.swift in Sources */,
				C3312726808315191FD14368 /* CapabilityPickerScreen.swift in Sources */,
				1AD98FBF282A8C3681D62FCD /* ChannelCatalog.swift in Sources */,
				A23FBD47D46859CD0B32676B /* ChannelsScreen.swift in Sources */,
				1D0A0B622C87AC23C99E4CF2 /* ChatScreen.swift in Sources */,
				10639EA0A47A2B8333A1706B /* ClientSession.swift in Sources */,
				FFCE3B73F65239780A3ABE3D /* CloneVoiceSheet.swift in Sources */,
				6948EA80A56C65B6D58405AD /* ClonedVoicesSection.swift in Sources */,
				B91C7028CACE6060EFD148A4 /* CodexAuthSection.swift in Sources */,
				105DA551E8644020D688E312 /* ConnectionsScreen.swift in Sources */,
				84D2FAA829E69A0C50681CD9 /* CronScreen.swift in Sources */,
				D0AC05AB13879430D16D0523 /* DoctorScreen.swift in Sources */,
				D5DCB03232519DF157BF1B89 /* ErrorRow.swift in Sources */,
				4782139CCC0412C32BABDCD2 /* GameLabScreen.swift in Sources */,
				8F9C928AE4827949F555D24A /* IOSVoicePill.swift in Sources */,
				4949F574DA32CD5B8C0CAE80 /* IconTile.swift in Sources */,
				1957A2C2550C500139D5420B /* LiquidVoiceSphere.swift in Sources */,
				64A86B9FA33C788FF9E609CF /* LoadingRow.swift in Sources */,
				81F9802FDDEC5D16ADEFBA3B /* LocalFallbackToggleRow.swift in Sources */,
				FB530CEB64B17F5E3C1816CC /* LocalModelDownloadRow.swift in Sources */,
				AB2301970775606BF4B4F841 /* LocalVoiceDownloadRow.swift in Sources */,
				D270DFA4E91A9EE7A1CEE991 /* LocalVoiceSettingsSection.swift in Sources */,
				8E7B6C18331A1D44A71C0025 /* MCPServersScreen.swift in Sources */,
				2E6F775EF72FEA51ED3EC6AF /* PairingDetailScreen.swift in Sources */,
				8D6E1CD2344A3BEF608C18C8 /* PermissionAndPolicyScreens.swift in Sources */,
				00A364C8BB6E156EB8C55081 /* ProviderLogo.swift in Sources */,
				EB84A11C241383BEE255E3F7 /* RootView.swift in Sources */,
				8E6426771BF7AAD4AF34F696 /* SettingsScreen.swift in Sources */,
				14EF26B08F3C69ADE7906F09 /* SideDrawer.swift in Sources */,
				3F643D8B3F106C244C2CE5CD /* SwooshiOSApp.swift in Sources */,
				812E14C35917FD0503AC43D5 /* VoiceHapticsCoordinator.swift in Sources */,
				87A218A0D7E5686F396C9EDE /* VoicePickerScreen.swift in Sources */,
				E052265C132915BC379E8892 /* WalletAccountDetail.swift in Sources */,
				6AFA1A78264F56022F034DA1 /* WalletCreateAccountSheet.swift in Sources */,
				5FD22E5D05495E88785BCA72 /* WalletScreen.swift in Sources */,
				1A3777AC33B62A2A78A398ED /* WalletSession.swift in Sources */,
				AD2A5C92FFFA296AFBDA36FA /* WorkspaceScreen.swift in Sources */,
			);
			runOnlyForDeploymentPostprocessing = 0;
		};
		FD61F42DE11D9C0A0E9AD96A /* Sources */ = {
			isa = PBXSourcesBuildPhase;
			buildActionMask = 2147483647;
			files = (
				81118F6A362A6E1B9785D0B3 /* SwooshApp.swift in Sources */,
			);
			runOnlyForDeploymentPostprocessing = 0;
		};
/* End PBXSourcesBuildPhase section */

/* Begin XCBuildConfiguration section */
		27CFC8856770A7BCFE044FF6 /* Debug */ = {
			isa = XCBuildConfiguration;
			buildSettings = {
				CODE_SIGN_ENTITLEMENTS = WidgetExtension/SwooshWidgetExtension.entitlements;
				COMBINE_HIDPI_IMAGES = YES;
				GENERATE_INFOPLIST_FILE = YES;
				INFOPLIST_KEY_CFBundleDisplayName = "Cartridge Widgets";
				INFOPLIST_KEY_NSExtension = "[\"NSExtensionPointIdentifier\": \"com.apple.widgetkit-extension\"]";
				LD_RUNPATH_SEARCH_PATHS = (
					"$(inherited)",
					"@executable_path/../Frameworks",
					"@executable_path/../../../../Frameworks",
				);
				PRODUCT_BUNDLE_IDENTIFIER = ai.swoosh.app.widgets;
				SDKROOT = macosx;
			};
			name = Debug;
		};
		35ACBFB97B75517A0998F6A6 /* Release */ = {
			isa = XCBuildConfiguration;
			buildSettings = {
				ALWAYS_SEARCH_USER_PATHS = NO;
				CLANG_ANALYZER_NONNULL = YES;
				CLANG_ANALYZER_NUMBER_OBJECT_CONVERSION = YES_AGGRESSIVE;
				CLANG_CXX_LANGUAGE_STANDARD = "gnu++14";
				CLANG_CXX_LIBRARY = "libc++";
				CLANG_ENABLE_MODULES = YES;
				CLANG_ENABLE_OBJC_ARC = YES;
				CLANG_ENABLE_OBJC_WEAK = YES;
				CLANG_WARN_BLOCK_CAPTURE_AUTORELEASING = YES;
				CLANG_WARN_BOOL_CONVERSION = YES;
				CLANG_WARN_COMMA = YES;
				CLANG_WARN_CONSTANT_CONVERSION = YES;
				CLANG_WARN_DEPRECATED_OBJC_IMPLEMENTATIONS = YES;
				CLANG_WARN_DIRECT_OBJC_ISA_USAGE = YES_ERROR;
				CLANG_WARN_DOCUMENTATION_COMMENTS = YES;
				CLANG_WARN_EMPTY_BODY = YES;
				CLANG_WARN_ENUM_CONVERSION = YES;
				CLANG_WARN_INFINITE_RECURSION = YES;
				CLANG_WARN_INT_CONVERSION = YES;
				CLANG_WARN_NON_LITERAL_NULL_CONVERSION = YES;
				CLANG_WARN_OBJC_IMPLICIT_RETAIN_SELF = YES;
				CLANG_WARN_OBJC_LITERAL_CONVERSION = YES;
				CLANG_WARN_OBJC_ROOT_CLASS = YES_ERROR;
				CLANG_WARN_QUOTED_INCLUDE_IN_FRAMEWORK_HEADER = YES;
				CLANG_WARN_RANGE_LOOP_ANALYSIS = YES;
				CLANG_WARN_STRICT_PROTOTYPES = YES;
				CLANG_WARN_SUSPICIOUS_MOVE = YES;
				CLANG_WARN_UNGUARDED_AVAILABILITY = YES_AGGRESSIVE;
				CLANG_WARN_UNREACHABLE_CODE = YES;
				CLANG_WARN__DUPLICATE_METHOD_MATCH = YES;
				CODE_SIGN_STYLE = Automatic;
				COPY_PHASE_STRIP = NO;
				CURRENT_PROJECT_VERSION = 2;
				DEBUG_INFORMATION_FORMAT = "dwarf-with-dsym";
				DEVELOPMENT_TEAM = GY5597YK9P;
				ENABLE_APP_SANDBOX = NO;
				ENABLE_NS_ASSERTIONS = NO;
				ENABLE_STRICT_OBJC_MSGSEND = YES;
				GCC_C_LANGUAGE_STANDARD = gnu11;
				GCC_NO_COMMON_BLOCKS = YES;
				GCC_WARN_64_TO_32_BIT_CONVERSION = YES;
				GCC_WARN_ABOUT_RETURN_TYPE = YES_ERROR;
				GCC_WARN_UNDECLARED_SELECTOR = YES;
				GCC_WARN_UNINITIALIZED_AUTOS = YES_AGGRESSIVE;
				GCC_WARN_UNUSED_FUNCTION = YES;
				GCC_WARN_UNUSED_VARIABLE = YES;
				IPHONEOS_DEPLOYMENT_TARGET = 26.0;
				MACOSX_DEPLOYMENT_TARGET = 26.0;
				MARKETING_VERSION = 1.1;
				MTL_ENABLE_DEBUG_INFO = NO;
				MTL_FAST_MATH = YES;
				PRODUCT_BUNDLE_IDENTIFIER = "ai.swoosh.$(PRODUCT_NAME:rfc1034identifier)";
				PRODUCT_NAME = "$(TARGET_NAME)";
				SWIFT_COMPILATION_MODE = wholemodule;
				SWIFT_OPTIMIZATION_LEVEL = "-O";
				SWIFT_VERSION = 6.3;
			};
			name = Release;
		};
		4ED70CD451323A9CF452E21F /* Debug */ = {
			isa = XCBuildConfiguration;
			buildSettings = {
				ALWAYS_SEARCH_USER_PATHS = NO;
				CLANG_ANALYZER_NONNULL = YES;
				CLANG_ANALYZER_NUMBER_OBJECT_CONVERSION = YES_AGGRESSIVE;
				CLANG_CXX_LANGUAGE_STANDARD = "gnu++14";
				CLANG_CXX_LIBRARY = "libc++";
				CLANG_ENABLE_MODULES = YES;
				CLANG_ENABLE_OBJC_ARC = YES;
				CLANG_ENABLE_OBJC_WEAK = YES;
				CLANG_WARN_BLOCK_CAPTURE_AUTORELEASING = YES;
				CLANG_WARN_BOOL_CONVERSION = YES;
				CLANG_WARN_COMMA = YES;
				CLANG_WARN_CONSTANT_CONVERSION = YES;
				CLANG_WARN_DEPRECATED_OBJC_IMPLEMENTATIONS = YES;
				CLANG_WARN_DIRECT_OBJC_ISA_USAGE = YES_ERROR;
				CLANG_WARN_DOCUMENTATION_COMMENTS = YES;
				CLANG_WARN_EMPTY_BODY = YES;
				CLANG_WARN_ENUM_CONVERSION = YES;
				CLANG_WARN_INFINITE_RECURSION = YES;
				CLANG_WARN_INT_CONVERSION = YES;
				CLANG_WARN_NON_LITERAL_NULL_CONVERSION = YES;
				CLANG_WARN_OBJC_IMPLICIT_RETAIN_SELF = YES;
				CLANG_WARN_OBJC_LITERAL_CONVERSION = YES;
				CLANG_WARN_OBJC_ROOT_CLASS = YES_ERROR;
				CLANG_WARN_QUOTED_INCLUDE_IN_FRAMEWORK_HEADER = YES;
				CLANG_WARN_RANGE_LOOP_ANALYSIS = YES;
				CLANG_WARN_STRICT_PROTOTYPES = YES;
				CLANG_WARN_SUSPICIOUS_MOVE = YES;
				CLANG_WARN_UNGUARDED_AVAILABILITY = YES_AGGRESSIVE;
				CLANG_WARN_UNREACHABLE_CODE = YES;
				CLANG_WARN__DUPLICATE_METHOD_MATCH = YES;
				CODE_SIGN_STYLE = Automatic;
				COPY_PHASE_STRIP = NO;
				CURRENT_PROJECT_VERSION = 2;
				DEBUG_INFORMATION_FORMAT = dwarf;
				DEVELOPMENT_TEAM = GY5597YK9P;
				ENABLE_APP_SANDBOX = NO;
				ENABLE_STRICT_OBJC_MSGSEND = YES;
				ENABLE_TESTABILITY = YES;
				GCC_C_LANGUAGE_STANDARD = gnu11;
				GCC_DYNAMIC_NO_PIC = NO;
				GCC_NO_COMMON_BLOCKS = YES;
				GCC_OPTIMIZATION_LEVEL = 0;
				GCC_PREPROCESSOR_DEFINITIONS = (
					"$(inherited)",
					"DEBUG=1",
				);
				GCC_WARN_64_TO_32_BIT_CONVERSION = YES;
				GCC_WARN_ABOUT_RETURN_TYPE = YES_ERROR;
				GCC_WARN_UNDECLARED_SELECTOR = YES;
				GCC_WARN_UNINITIALIZED_AUTOS = YES_AGGRESSIVE;
				GCC_WARN_UNUSED_FUNCTION = YES;
				GCC_WARN_UNUSED_VARIABLE = YES;
				IPHONEOS_DEPLOYMENT_TARGET = 26.0;
				MACOSX_DEPLOYMENT_TARGET = 26.0;
				MARKETING_VERSION = 1.1;
				MTL_ENABLE_DEBUG_INFO = INCLUDE_SOURCE;
				MTL_FAST_MATH = YES;
				ONLY_ACTIVE_ARCH = YES;
				PRODUCT_BUNDLE_IDENTIFIER = "ai.swoosh.$(PRODUCT_NAME:rfc1034identifier)";
				PRODUCT_NAME = "$(TARGET_NAME)";
				SWIFT_ACTIVE_COMPILATION_CONDITIONS = DEBUG;
				SWIFT_OPTIMIZATION_LEVEL = "-Onone";
				SWIFT_VERSION = 6.3;
			};
			name = Debug;
		};
		8F8946C449DB809F00B43C1B /* Debug */ = {
			isa = XCBuildConfiguration;
			buildSettings = {
				ASSETCATALOG_COMPILER_APPICON_NAME = "";
				CODE_SIGN_ENTITLEMENTS = Apps/SwooshiOS/Swoosh.iOS.entitlements;
				CODE_SIGN_IDENTITY = "iPhone Developer";
				INFOPLIST_FILE = Apps/SwooshiOS/Info.plist;
				LD_RUNPATH_SEARCH_PATHS = (
					"$(inherited)",
					"@executable_path/Frameworks",
				);
				PRODUCT_BUNDLE_IDENTIFIER = ai.swoosh.app.ios;
				SDKROOT = iphoneos;
				SUPPORTS_MACCATALYST = NO;
				SUPPORTS_MAC_DESIGNED_FOR_IPHONE_IPAD = NO;
				TARGETED_DEVICE_FAMILY = "1,2";
			};
			name = Debug;
		};
		99887CCF4747E3D6B8DFECEE /* Debug */ = {
			isa = XCBuildConfiguration;
			buildSettings = {
				ASSETCATALOG_COMPILER_APPICON_NAME = AppIcon;
				CODE_SIGN_ENTITLEMENTS = App/Swoosh.entitlements;
				COMBINE_HIDPI_IMAGES = YES;
				GENERATE_INFOPLIST_FILE = YES;
				INFOPLIST_FILE = App/Info.plist;
				INFOPLIST_KEY_CFBundleDisplayName = Cartridge;
				INFOPLIST_KEY_LSUIElement = NO;
				INFOPLIST_KEY_NSMainNibFile = "";
				LD_RUNPATH_SEARCH_PATHS = (
					"$(inherited)",
					"@executable_path/../Frameworks",
				);
				PRODUCT_BUNDLE_IDENTIFIER = ai.swoosh.app;
				SDKROOT = macosx;
			};
			name = Debug;
		};
		B93C35A7C8BFCA75C512FA28 /* Release */ = {
			isa = XCBuildConfiguration;
			buildSettings = {
				ASSETCATALOG_COMPILER_APPICON_NAME = "";
				CODE_SIGN_ENTITLEMENTS = Apps/SwooshiOS/Swoosh.iOS.entitlements;
				CODE_SIGN_IDENTITY = "iPhone Developer";
				INFOPLIST_FILE = Apps/SwooshiOS/Info.plist;
				LD_RUNPATH_SEARCH_PATHS = (
					"$(inherited)",
					"@executable_path/Frameworks",
				);
				PRODUCT_BUNDLE_IDENTIFIER = ai.swoosh.app.ios;
				SDKROOT = iphoneos;
				SUPPORTS_MACCATALYST = NO;
				SUPPORTS_MAC_DESIGNED_FOR_IPHONE_IPAD = NO;
				TARGETED_DEVICE_FAMILY = "1,2";
			};
			name = Release;
		};
		DD5BBCAA223F976922A7A39C /* Release */ = {
			isa = XCBuildConfiguration;
			buildSettings = {
				ASSETCATALOG_COMPILER_APPICON_NAME = AppIcon;
				CODE_SIGN_ENTITLEMENTS = App/Swoosh.entitlements;
				COMBINE_HIDPI_IMAGES = YES;
				GENERATE_INFOPLIST_FILE = YES;
				INFOPLIST_FILE = App/Info.plist;
				INFOPLIST_KEY_CFBundleDisplayName = Cartridge;
				INFOPLIST_KEY_LSUIElement = NO;
				INFOPLIST_KEY_NSMainNibFile = "";
				LD_RUNPATH_SEARCH_PATHS = (
					"$(inherited)",
					"@executable_path/../Frameworks",
				);
				PRODUCT_BUNDLE_IDENTIFIER = ai.swoosh.app;
				SDKROOT = macosx;
			};
			name = Release;
		};
		E157BD4297CB971D4BFE5117 /* Release */ = {
			isa = XCBuildConfiguration;
			buildSettings = {
				CODE_SIGN_ENTITLEMENTS = WidgetExtension/SwooshWidgetExtension.entitlements;
				COMBINE_HIDPI_IMAGES = YES;
				GENERATE_INFOPLIST_FILE = YES;
				INFOPLIST_KEY_CFBundleDisplayName = "Cartridge Widgets";
				INFOPLIST_KEY_NSExtension = "[\"NSExtensionPointIdentifier\": \"com.apple.widgetkit-extension\"]";
				LD_RUNPATH_SEARCH_PATHS = (
					"$(inherited)",
					"@executable_path/../Frameworks",
					"@executable_path/../../../../Frameworks",
				);
				PRODUCT_BUNDLE_IDENTIFIER = ai.swoosh.app.widgets;
				SDKROOT = macosx;
			};
			name = Release;
		};
/* End XCBuildConfiguration section */

/* Begin XCConfigurationList section */
		8E3CAB43F0C731D4DDC5F084 /* Build configuration list for PBXNativeTarget "Swoosh" */ = {
			isa = XCConfigurationList;
			buildConfigurations = (
				99887CCF4747E3D6B8DFECEE /* Debug */,
				DD5BBCAA223F976922A7A39C /* Release */,
			);
			defaultConfigurationIsVisible = 0;
			defaultConfigurationName = Debug;
		};
		90EF32ED6D99B8B4177EB046 /* Build configuration list for PBXNativeTarget "SwooshiOS" */ = {
			isa = XCConfigurationList;
			buildConfigurations = (
				8F8946C449DB809F00B43C1B /* Debug */,
				B93C35A7C8BFCA75C512FA28 /* Release */,
			);
			defaultConfigurationIsVisible = 0;
			defaultConfigurationName = Debug;
		};
		951DB30C469DAD2C0B97F0D0 /* Build configuration list for PBXProject "Swoosh" */ = {
			isa = XCConfigurationList;
			buildConfigurations = (
				4ED70CD451323A9CF452E21F /* Debug */,
				35ACBFB97B75517A0998F6A6 /* Release */,
			);
			defaultConfigurationIsVisible = 0;
			defaultConfigurationName = Debug;
		};
		EEC578BB54820FE1F57A18FF /* Build configuration list for PBXNativeTarget "SwooshWidgetExtension" */ = {
			isa = XCConfigurationList;
			buildConfigurations = (
				27CFC8856770A7BCFE044FF6 /* Debug */,
				E157BD4297CB971D4BFE5117 /* Release */,
			);
			defaultConfigurationIsVisible = 0;
			defaultConfigurationName = Debug;
		};
/* End XCConfigurationList section */

/* Begin XCLocalSwiftPackageReference section */
		5F45DC704C1A7D77A7E933C1 /* XCLocalSwiftPackageReference "." */ = {
			isa = XCLocalSwiftPackageReference;
			relativePath = .;
		};
/* End XCLocalSwiftPackageReference section */

/* Begin XCSwiftPackageProductDependency section */
		067ACC90B8BB5FE569AFFC25 /* SwooshUI */ = {
			isa = XCSwiftPackageProductDependency;
			productName = SwooshUI;
		};
		09308C14B898E4305F4304E9 /* SwooshWidgets */ = {
			isa = XCSwiftPackageProductDependency;
			productName = SwooshWidgets;
		};
		2894B277640819D641FD9E94 /* SwooshSecrets */ = {
			isa = XCSwiftPackageProductDependency;
			productName = SwooshSecrets;
		};
		2ACE0E2888A1233F1C18854E /* SwooshClient */ = {
			isa = XCSwiftPackageProductDependency;
			productName = SwooshClient;
		};
		34BB35A7784C684D05EE06A2 /* CodexBarCore */ = {
			isa = XCSwiftPackageProductDependency;
			productName = CodexBarCore;
		};
		4DBE9D6632C9D0599CB3127F /* SwooshTranslation */ = {
			isa = XCSwiftPackageProductDependency;
			productName = SwooshTranslation;
		};
		52CFA43AF815CAE6322576A6 /* SwooshDaemon */ = {
			isa = XCSwiftPackageProductDependency;
			productName = SwooshDaemon;
		};
		5344EDFE236A78B4605BDACE /* SwooshSTT */ = {
			isa = XCSwiftPackageProductDependency;
			productName = SwooshSTT;
		};
		5BC3F322969154F4A837D673 /* SwooshWidgets */ = {
			isa = XCSwiftPackageProductDependency;
			productName = SwooshWidgets;
		};
		64E6792A9ADCB5AEA31F3613 /* SwooshVoiceProviders */ = {
			isa = XCSwiftPackageProductDependency;
			productName = SwooshVoiceProviders;
		};
		657F22487AA41B2FBA8A9798 /* SwooshWallet */ = {
			isa = XCSwiftPackageProductDependency;
			productName = SwooshWallet;
		};
		75B0CA904E7690F0705D9A0B /* SwooshModels */ = {
			isa = XCSwiftPackageProductDependency;
			productName = SwooshModels;
		};
		892ABB0CB38113FC33409678 /* CodexBar */ = {
			isa = XCSwiftPackageProductDependency;
			productName = CodexBar;
		};
		9DAF129D8F01B12920642DCF /* SwooshEmbeddings */ = {
			isa = XCSwiftPackageProductDependency;
			productName = SwooshEmbeddings;
		};
		AE88E333D2254FC8546193C1 /* SwooshSecrets */ = {
			isa = XCSwiftPackageProductDependency;
			productName = SwooshSecrets;
		};
		B1E45E49EB414D4CF83F70E0 /* SwooshUI */ = {
			isa = XCSwiftPackageProductDependency;
			productName = SwooshUI;
		};
		B301A88B05ECC967B269FA9C /* SwooshFoundation */ = {
			isa = XCSwiftPackageProductDependency;
			productName = SwooshFoundation;
		};
		C1D8DEB68F839F7A2B4189B9 /* SwooshImageGen */ = {
			isa = XCSwiftPackageProductDependency;
			productName = SwooshImageGen;
		};
		C81EAEFD269612149B9F94BF /* SwooshKit */ = {
			isa = XCSwiftPackageProductDependency;
			productName = SwooshKit;
		};
		C8DD494210CF9283BE5DB80A /* SwooshCapabilities */ = {
			isa = XCSwiftPackageProductDependency;
			productName = SwooshCapabilities;
		};
		CDAE07E9569AB80547D4CA2E /* SwooshMusic */ = {
			isa = XCSwiftPackageProductDependency;
			productName = SwooshMusic;
		};
		D7FF5966E699003F7654C7F5 /* SwooshLocalVoice */ = {
			isa = XCSwiftPackageProductDependency;
			productName = SwooshLocalVoice;
		};
		E0D997B6FCD3DD517DE7F2BE /* SwooshLocalLLM */ = {
			isa = XCSwiftPackageProductDependency;
			productName = SwooshLocalLLM;
		};
		E7F2A99350D322A8BFBC4238 /* SwooshVision */ = {
			isa = XCSwiftPackageProductDependency;
			productName = SwooshVision;
		};
		F04EABFE88B766FD0AD21A37 /* SwooshGenerativeUI */ = {
			isa = XCSwiftPackageProductDependency;
			productName = SwooshGenerativeUI;
		};
/* End XCSwiftPackageProductDependency section */
	};
	rootObject = 9EE6AE9D62B611C001EEED87 /* Project object */;
}
